
Microsoft Visual Studio Solution File, Format Version 12.00
# Visual Studio Version 16
VisualStudioVersion = 16.0.31005.135
MinimumVisualStudioVersion = 10.0.40219.1
Project("{FAE04EC0-301F-11D3-BF4B-00C04F79EFBC}") = "PIAMA.Android", "PIAMA\PIAMA.Android\PIAMA.Android.csproj", "{5F855BEF-B47E-4710-BFC6-0D48F0443615}"
EndProject
Project("{FAE04EC0-301F-11D3-BF4B-00C04F79EFBC}") = "PIAMA.iOS", "PIAMA\PIAMA.iOS\PIAMA.iOS.csproj", "{675F73A6-3F41-434E-BAEB-AA8381BF0635}"
EndProject
Project("{FAE04EC0-301F-11D3-BF4B-00C04F79EFBC}") = "PIAMA", "PIAMA\PIAMA\PIAMA.csproj", "{C81D674B-E0A9-41AD-8479-41A7CD7D646B}"
EndProject
Project("{FAE04EC0-301F-11D3-BF4B-00C04F79EFBC}") = "LIB", "LIB\LIB.csproj", "{CBD9CA61-577D-4E52-9FFF-07F170D7259E}"
EndProject
Global
	GlobalSection(SolutionConfigurationPlatforms) = preSolution
		Ad-Hoc|Any CPU = Ad-Hoc|Any CPU
		Ad-Hoc|iPhone = Ad-Hoc|iPhone
		Ad-Hoc|iPhoneSimulator = Ad-Hoc|iPhoneSimulator
		AppStore|Any CPU = AppStore|Any CPU
		AppStore|iPhone = AppStore|iPhone
		AppStore|iPhoneSimulator = AppStore|iPhoneSimulator
		Debug|Any CPU = Debug|Any CPU
		Debug|iPhone = Debug|iPhone
		Debug|iPhoneSimulator = Debug|iPhoneSimulator
		Release|Any CPU = Release|Any CPU
		Release|iPhone = Release|iPhone
		Release|iPhoneSimulator = Release|iPhoneSimulator
	EndGlobalSection
	GlobalSection(ProjectConfigurationPlatforms) = postSolution
		{5F855BEF-B47E-4710-BFC6-0D48F0443615}.Ad-Hoc|Any CPU.ActiveCfg = Release|Any CPU
		{5F855BEF-B47E-4710-BFC6-0D48F0443615}.Ad-Hoc|Any CPU.Build.0 = Release|Any CPU
		{5F855BEF-B47E-4710-BFC6-0D48F0443615}.Ad-Hoc|Any CPU.Deploy.0 = Release|Any CPU
		{5F855BEF-B47E-4710-BFC6-0D48F0443615}.Ad-Hoc|iPhone.ActiveCfg = Release|Any CPU
		{5F855BEF-B47E-4710-BFC6-0D48F0443615}.Ad-Hoc|iPhone.Build.0 = Release|Any CPU
		{5F855BEF-B47E-4710-BFC6-0D48F0443615}.Ad-Hoc|iPhone.Deploy.0 = Release|Any CPU
		{5F855BEF-B47E-4710-BFC6-0D48F0443615}.Ad-Hoc|iPhoneSimulator.ActiveCfg = Release|Any CPU
		{5F855BEF-B47E-4710-BFC6-0D48F0443615}.Ad-Hoc|iPhoneSimulator.Build.0 = Release|Any CPU
		{5F855BEF-B47E-4710-BFC6-0D48F0443615}.Ad-Hoc|iPhoneSimulator.Deploy.0 = Release|Any CPU
		{5F855BEF-B47E-4710-BFC6-0D48F0443615}.AppStore|Any CPU.ActiveCfg = Release|Any CPU
		{5F855BEF-B47E-4710-BFC6-0D48F0443615}.AppStore|Any CPU.Build.0 = Release|Any CPU
		{5F855BEF-B47E-4710-BFC6-0D48F0443615}.AppStore|Any CPU.Deploy.0 = Release|Any CPU
		{5F855BEF-B47E-4710-BFC6-0D48F0443615}.AppStore|iPhone.ActiveCfg = Release|Any CPU
		{5F855BEF-B47E-4710-BFC6-0D48F0443615}.AppStore|iPhone.Build.0 = Release|Any CPU
		{5F855BEF-B47E-4710-BFC6-0D48F0443615}.AppStore|iPhone.Deploy.0 = Release|Any CPU
		{5F855BEF-B47E-4710-BFC6-0D48F0443615}.AppStore|iPhoneSimulator.ActiveCfg = Release|Any CPU
		{5F855BEF-B47E-4710-BFC6-0D48F0443615}.AppStore|iPhoneSimulator.Build.0 = Release|Any CPU
		{5F855BEF-B47E-4710-BFC6-0D48F0443615}.AppStore|iPhoneSimulator.Deploy.0 = Release|Any CPU
		{5F855BEF-B47E-4710-BFC6-0D48F0443615}.Debug|Any CPU.ActiveCfg = Debug|Any CPU
		{5F855BEF-B47E-4710-BFC6-0D48F0443615}.Debug|Any CPU.Build.0 = Debug|Any CPU
		{5F855BEF-B47E-4710-BFC6-0D48F0443615}.Debug|Any CPU.Deploy.0 = Debug|Any CPU
		{5F855BEF-B47E-4710-BFC6-0D48F0443615}.Debug|iPhone.ActiveCfg = Debug|Any CPU
		{5F855BEF-B47E-4710-BFC6-0D48F0443615}.Debug|iPhone.Build.0 = Debug|Any CPU
		{5F855BEF-B47E-4710-BFC6-0D48F0443615}.Debug|iPhone.Deploy.0 = Debug|Any CPU
		{5F855BEF-B47E-4710-BFC6-0D48F0443615}.Debug|iPhoneSimulator.ActiveCfg = Debug|Any CPU
		{5F855BEF-B47E-4710-BFC6-0D48F0443615}.Debug|iPhoneSimulator.Build.0 = Debug|Any CPU
		{5F855BEF-B47E-4710-BFC6-0D48F0443615}.Debug|iPhoneSimulator.Deploy.0 = Debug|Any CPU
		{5F855BEF-B47E-4710-BFC6-0D48F0443615}.Release|Any CPU.ActiveCfg = Release|Any CPU
		{5F855BEF-B47E-4710-BFC6-0D48F0443615}.Release|Any CPU.Build.0 = Release|Any CPU
		{5F855BEF-B47E-4710-BFC6-0D48F0443615}.Release|Any CPU.Deploy.0 = Release|Any CPU
		{5F855BEF-B47E-4710-BFC6-0D48F0443615}.Release|iPhone.ActiveCfg = Release|Any CPU
		{5F855BEF-B47E-4710-BFC6-0D48F0443615}.Release|iPhone.Build.0 = Release|Any CPU
		{5F855BEF-B47E-4710-BFC6-0D48F0443615}.Release|iPhone.Deploy.0 = Release|Any CPU
		{5F855BEF-B47E-4710-BFC6-0D48F0443615}.Release|iPhoneSimulator.ActiveCfg = Release|Any CPU
		{5F855BEF-B47E-4710-BFC6-0D48F0443615}.Release|iPhoneSimulator.Build.0 = Release|Any CPU
		{5F855BEF-B47E-4710-BFC6-0D48F0443615}.Release|iPhoneSimulator.Deploy.0 = Release|Any CPU
		{675F73A6-3F41-434E-BAEB-AA8381BF0635}.Ad-Hoc|Any CPU.ActiveCfg = Ad-Hoc|iPhone
		{675F73A6-3F41-434E-BAEB-AA8381BF0635}.Ad-Hoc|iPhone.ActiveCfg = Ad-Hoc|iPhone
		{675F73A6-3F41-434E-BAEB-AA8381BF0635}.Ad-Hoc|iPhone.Build.0 = Ad-Hoc|iPhone
		{675F73A6-3F41-434E-BAEB-AA8381BF0635}.Ad-Hoc|iPhoneSimulator.ActiveCfg = Ad-Hoc|iPhoneSimulator
		{675F73A6-3F41-434E-BAEB-AA8381BF0635}.Ad-Hoc|iPhoneSimulator.Build.0 = Ad-Hoc|iPhoneSimulator
		{675F73A6-3F41-434E-BAEB-AA8381BF0635}.AppStore|Any CPU.ActiveCfg = AppStore|iPhone
		{675F73A6-3F41-434E-BAEB-AA8381BF0635}.AppStore|iPhone.ActiveCfg = AppStore|iPhone
		{675F73A6-3F41-434E-BAEB-AA8381BF0635}.AppStore|iPhone.Build.0 = AppStore|iPhone
		{675F73A6-3F41-434E-BAEB-AA8381BF0635}.AppStore|iPhoneSimulator.ActiveCfg = AppStore|iPhoneSimulator
		{675F73A6-3F41-434E-BAEB-AA8381BF0635}.AppStore|iPhoneSimulator.Build.0 = AppStore|iPhoneSimulator
		{675F73A6-3F41-434E-BAEB-AA8381BF0635}.Debug|Any CPU.ActiveCfg = Debug|iPhone
		{675F73A6-3F41-434E-BAEB-AA8381BF0635}.Debug|Any CPU.Build.0 = Debug|iPhone
		{675F73A6-3F41-434E-BAEB-AA8381BF0635}.Debug|iPhone.ActiveCfg = Debug|iPhone
		{675F73A6-3F41-434E-BAEB-AA8381BF0635}.Debug|iPhone.Build.0 = Debug|iPhone
		{675F73A6-3F41-434E-BAEB-AA8381BF0635}.Debug|iPhone.Deploy.0 = Debug|iPhone
		{675F73A6-3F41-434E-BAEB-AA8381BF0635}.Debug|iPhoneSimulator.ActiveCfg = Debug|iPhoneSimulator
		{675F73A6-3F41-434E-BAEB-AA8381BF0635}.Debug|iPhoneSimulator.Build.0 = Debug|iPhoneSimulator
		{675F73A6-3F41-434E-BAEB-AA8381BF0635}.Release|Any CPU.ActiveCfg = Release|iPhone
		{675F73A6-3F41-434E-BAEB-AA8381BF0635}.Release|iPhone.ActiveCfg = Release|iPhone
		{675F73A6-3F41-434E-BAEB-AA8381BF0635}.Release|iPhone.Build.0 = Release|iPhone
		{675F73A6-3F41-434E-BAEB-AA8381BF0635}.Release|iPhone.Deploy.0 = Release|iPhone
		{675F73A6-3F41-434E-BAEB-AA8381BF0635}.Release|iPhoneSimulator.ActiveCfg = Release|iPhoneSimulator
		{675F73A6-3F41-434E-BAEB-AA8381BF0635}.Release|iPhoneSimulator.Build.0 = Release|iPhoneSimulator
		{C81D674B-E0A9-41AD-8479-41A7CD7D646B}.Ad-Hoc|Any CPU.ActiveCfg = Debug|Any CPU
		{C81D674B-E0A9-41AD-8479-41A7CD7D646B}.Ad-Hoc|Any CPU.Build.0 = Debug|Any CPU
		{C81D674B-E0A9-41AD-8479-41A7CD7D646B}.Ad-Hoc|iPhone.ActiveCfg = Debug|Any CPU
		{C81D674B-E0A9-41AD-8479-41A7CD7D646B}.Ad-Hoc|iPhone.Build.0 = Debug|Any CPU
		{C81D674B-E0A9-41AD-8479-41A7CD7D646B}.Ad-Hoc|iPhoneSimulator.ActiveCfg = Debug|Any CPU
		{C81D674B-E0A9-41AD-8479-41A7CD7D646B}.Ad-Hoc|iPhoneSimulator.Build.0 = Debug|Any CPU
		{C81D674B-E0A9-41AD-8479-41A7CD7D646B}.AppStore|Any CPU.ActiveCfg = Debug|Any CPU
		{C81D674B-E0A9-41AD-8479-41A7CD7D646B}.AppStore|Any CPU.Build.0 = Debug|Any CPU
		{C81D674B-E0A9-41AD-8479-41A7CD7D646B}.AppStore|iPhone.ActiveCfg = Debug|Any CPU
		{C81D674B-E0A9-41AD-8479-41A7CD7D646B}.AppStore|iPhone.Build.0 = Debug|Any CPU
		{C81D674B-E0A9-41AD-8479-41A7CD7D646B}.AppStore|iPhoneSimulator.ActiveCfg = Debug|Any CPU
		{C81D674B-E0A9-41AD-8479-41A7CD7D646B}.AppStore|iPhoneSimulator.Build.0 = Debug|Any CPU
		{C81D674B-E0A9-41AD-8479-41A7CD7D646B}.Debug|Any CPU.ActiveCfg = Debug|Any CPU
		{C81D674B-E0A9-41AD-8479-41A7CD7D646B}.Debug|Any CPU.Build.0 = Debug|Any CPU
		{C81D674B-E0A9-41AD-8479-41A7CD7D646B}.Debug|iPhone.ActiveCfg = Debug|Any CPU
		{C81D674B-E0A9-41AD-8479-41A7CD7D646B}.Debug|iPhone.Build.0 = Debug|Any CPU
		{C81D674B-E0A9-41AD-8479-41A7CD7D646B}.Debug|iPhoneSimulator.ActiveCfg = Debug|Any CPU
		{C81D674B-E0A9-41AD-8479-41A7CD7D646B}.Debug|iPhoneSimulator.Build.0 = Debug|Any CPU
		{C81D674B-E0A9-41AD-8479-41A7CD7D646B}.Release|Any CPU.ActiveCfg = Release|Any CPU
		{C81D674B-E0A9-41AD-8479-41A7CD7D646B}.Release|Any CPU.Build.0 = Release|Any CPU
		{C81D674B-E0A9-41AD-8479-41A7CD7D646B}.Release|iPhone.ActiveCfg = Release|Any CPU
		{C81D674B-E0A9-41AD-8479-41A7CD7D646B}.Release|iPhone.Build.0 = Release|Any CPU
		{C81D674B-E0A9-41AD-8479-41A7CD7D646B}.Release|iPhoneSimulator.ActiveCfg = Release|Any CPU
		{C81D674B-E0A9-41AD-8479-41A7CD7D646B}.Release|iPhoneSimulator.Build.0 = Release|Any CPU
		{CBD9CA61-577D-4E52-9FFF-07F170D7259E}.Ad-Hoc|Any CPU.ActiveCfg = Debug|Any CPU
		{CBD9CA61-577D-4E52-9FFF-07F170D7259E}.Ad-Hoc|Any CPU.Build.0 = Debug|Any CPU
		{CBD9CA61-577D-4E52-9FFF-07F170D7259E}.Ad-Hoc|iPhone.ActiveCfg = Debug|Any CPU
		{CBD9CA61-577D-4E52-9FFF-07F170D7259E}.Ad-Hoc|iPhone.Build.0 = Debug|Any CPU
		{CBD9CA61-577D-4E52-9FFF-07F170D7259E}.Ad-Hoc|iPhoneSimulator.ActiveCfg = Debug|Any CPU
		{CBD9CA61-577D-4E52-9FFF-07F170D7259E}.Ad-Hoc|iPhoneSimulator.Build.0 = Debug|Any CPU
		{CBD9CA61-577D-4E52-9FFF-07F170D7259E}.AppStore|Any CPU.ActiveCfg = Debug|Any CPU
		{CBD9CA61-577D-4E52-9FFF-07F170D7259E}.AppStore|Any CPU.Build.0 = Debug|Any CPU
		{CBD9CA61-577D-4E52-9FFF-07F170D7259E}.AppStore|iPhone.ActiveCfg = Debug|Any CPU
		{CBD9CA61-577D-4E52-9FFF-07F170D7259E}.AppStore|iPhone.Build.0 = Debug|Any CPU
		{CBD9CA61-577D-4E52-9FFF-07F170D7259E}.AppStore|iPhoneSimulator.ActiveCfg = Debug|Any CPU
		{CBD9CA61-577D-4E52-9FFF-07F170D7259E}.AppStore|iPhoneSimulator.Build.0 = Debug|Any CPU
		{CBD9CA61-577D-4E52-9FFF-07F170D7259E}.Debug|Any CPU.ActiveCfg = Debug|Any CPU
		{CBD9CA61-577D-4E52-9FFF-07F170D7259E}.Debug|Any CPU.Build.0 = Debug|Any CPU
		{CBD9CA61-577D-4E52-9FFF-07F170D7259E}.Debug|iPhone.ActiveCfg = Debug|Any CPU
		{CBD9CA61-577D-4E52-9FFF-07F170D7259E}.Debug|iPhone.Build.0 = Debug|Any CPU
		{CBD9CA61-577D-4E52-9FFF-07F170D7259E}.Debug|iPhoneSimulator.ActiveCfg = Debug|Any CPU
		{CBD9CA61-577D-4E52-9FFF-07F170D7259E}.Debug|iPhoneSimulator.Build.0 = Debug|Any CPU
		{CBD9CA61-577D-4E52-9FFF-07F170D7259E}.Release|Any CPU.ActiveCfg = Release|Any CPU
		{CBD9CA61-577D-4E52-9FFF-07F170D7259E}.Release|Any CPU.Build.0 = Release|Any CPU
		{CBD9CA61-577D-4E52-9FFF-07F170D7259E}.Release|iPhone.ActiveCfg = Release|Any CPU
		{CBD9CA61-577D-4E52-9FFF-07F170D7259E}.Release|iPhone.Build.0 = Release|Any CPU
		{CBD9CA61-577D-4E52-9FFF-07F170D7259E}.Release|iPhoneSimulator.ActiveCfg = Release|Any CPU
		{CBD9CA61-577D-4E52-9FFF-07F170D7259E}.Release|iPhoneSimulator.Build.0 = Release|Any CPU
	EndGlobalSection
	GlobalSection(SolutionProperties) = preSolution
		HideSolutionNode = FALSE
	EndGlobalSection
	GlobalSection(ExtensibilityGlobals) = postSolution
		SolutionGuid = {8C4A4BEA-3533-4AA4-A3DA-1F7CF216FF3B}
	EndGlobalSection
EndGlobal
